PODS:
  - Alamofire (4.3.0)
  - Haneke (1.0.2)
  - plaid-ios-link (0.2.1):
    - plaid-ios-sdk
  - plaid-ios-sdk (0.3.6)
  - SwiftyJSON (3.1.4)

DEPENDENCIES:
  - Alamofire
  - Haneke
  - plaid-ios-link
  - plaid-ios-sdk
  - SwiftyJSON

SPEC CHECKSUMS:
  Alamofire: 856a113053a7bc9cbe5d6367a555d773fc5cfef7
  Haneke: 01454a67322faa0dd9d81fc0f447885044e71521
  plaid-ios-link: 0ef45f18cdb2d1c3b9eaf6c2b457c950909df725
  plaid-ios-sdk: e9865b0fe6a79b3d30d886171d7a26f7e1408935
  SwiftyJSON: c2842d878f95482ffceec5709abc3d05680c0220

PODFILE CHECKSUM: 675be86a2d0b4e88c19f3100c183ae2537dd5a89

COCOAPODS: 1.2.0
